{
  "name": "loli-plugin",
  "version": "0.1.0",
  "lockfileVersion": 3,
  "requires": true,
  "packages": {
    "": {
      "name": "loli-plugin",
      "version": "0.1.0",
      "dependencies": {
        "lolicon-core": "file:///C:/Users/30942/WorkBuddy/Claw/lolicon-core"
      }
    },
    "../../../../../WorkBuddy/Claw/lolicon-core": {
      "extraneous": true
    },
    "C:/Users/30942/WorkBuddy/Claw/lolicon-core": {
      "version": "0.1.0",
      "dependencies": {
        "@google/genai": "^1.0.0",
        "chokidar": "^4.0.0",
        "openai": "^4.0.0",
        "uuid": "^10.0.0"
      },
      "engines": {
        "node": ">=22"
      }
    },
    "node_modules/lolicon-core": {
      "resolved": "C:/Users/30942/WorkBuddy/Claw/lolicon-core",
      "link": true
    }
  }
}
